dependencies:
- name: postgresql
  repository: https://charts.bitnami.com/bitnami
  version: 16.7.19
- name: ingress-nginx
  repository: https://kubernetes.github.io/ingress-nginx/
  version: 4.13.0
- name: kube-prometheus-stack
  repository: https://prometheus-community.github.io/helm-charts
  version: 75.15.0
- name: redis
  repository: https://charts.bitnami.com/bitnami
  version: 22.0.0
- name: kafka
  repository: https://charts.bitnami.com/bitnami
  version: 32.4.3
- name: elasticsearch
  repository: https://helm.elastic.co
  version: 8.5.1
- name: kibana
  repository: https://helm.elastic.co
  version: 8.5.1
- name: filebeat
  repository: https://helm.elastic.co
  version: 8.5.1
digest: sha256:07e20f3d426aeeee727018a174e770ff4d6d98ab98929077b849512d76ba61ae
generated: "2025-10-14T04:32:30.314228105+05:00"
