dependencies:
- name: postgresql
  repository: https://charts.bitnami.com/bitnami
  version: 16.7.19
- name: ingress-nginx
  repository: https://kubernetes.github.io/ingress-nginx/
  version: 4.13.0
- name: kube-prometheus-stack
  repository: https://prometheus-community.github.io/helm-charts
  version: 75.15.0
- name: redis
  repository: https://charts.bitnami.com/bitnami
  version: 22.0.0
digest: sha256:6f85cf5b50718cea5c9e6c7b9b443f5d665f366e4548c3f76c5a4ada3a3e45ab
generated: "2025-08-09T04:14:13.143012852+05:00"
